// !$*UTF8*$!
{
	archiveVersion = 1;
	classes = {
	};
	objectVersion = 56;
	objects = {

/* Begin PBXBuildFile section */
		7F0F85232977411E00C787A7 /* Colors.swift in Sources */ = {isa = PBXBuildFile; fileRef = 7F0F85222977411E00C787A7 /* Colors.swift */; };
		7F6F76CA2975E68D00FF7871 /* PreppiApp.swift in Sources */ = {isa = PBXBuildFile; fileRef = 7F6F76C92975E68D00FF7871 /* PreppiApp.swift */; };
		7F6F76CC2975E68D00FF7871 /* ContentView.swift in Sources */ = {isa = PBXBuildFile; fileRef = 7F6F76CB2975E68D00FF7871 /* ContentView.swift */; };
		7F6F76CE2975E68E00FF7871 /* Assets.xcassets in Resources */ = {isa = PBXBuildFile; fileRef = 7F6F76CD2975E68E00FF7871 /* Assets.xcassets */; };
		7F6F76D12975E68E00FF7871 /* Preview Assets.xcassets in Resources */ = {isa = PBXBuildFile; fileRef = 7F6F76D02975E68E00FF7871 /* Preview Assets.xcassets */; };
		7F6F76D82975EF1900FF7871 /* OnboardingPageModel.swift in Sources */ = {isa = PBXBuildFile; fileRef = 7F6F76D72975EF1900FF7871 /* OnboardingPageModel.swift */; };
		7F6F76DA2975F09E00FF7871 /* OnboardingPageView.swift in Sources */ = {isa = PBXBuildFile; fileRef = 7F6F76D92975F09E00FF7871 /* OnboardingPageView.swift */; };
		7FB5E4B0297BF32500A2482B /* SignupView.swift in Sources */ = {isa = PBXBuildFile; fileRef = 7FB5E4AF297BF32500A2482B /* SignupView.swift */; };
		7FB5E4B2297C022100A2482B /* SignInWithAppleButton.swift in Sources */ = {isa = PBXBuildFile; fileRef = 7FB5E4B1297C022100A2482B /* SignInWithAppleButton.swift */; };
		7FB5E4B4297C098300A2482B /* TestGPT.swift in Sources */ = {isa = PBXBuildFile; fileRef = 7FB5E4B3297C098300A2482B /* TestGPT.swift */; };
		7FB5E4B6297C18AD00A2482B /* LoginView.swift in Sources */ = {isa = PBXBuildFile; fileRef = 7FB5E4B5297C18AD00A2482B /* LoginView.swift */; };
		7FB5E4BD297C2CA900A2482B /* HomeView.swift in Sources */ = {isa = PBXBuildFile; fileRef = 7FB5E4BC297C2CA900A2482B /* HomeView.swift */; };
		7FB5E4BF297C2EF800A2482B /* CardView.swift in Sources */ = {isa = PBXBuildFile; fileRef = 7FB5E4BE297C2EF800A2482B /* CardView.swift */; };
		7FB5E4C2297C33E900A2482B /* AnalyticsView.swift in Sources */ = {isa = PBXBuildFile; fileRef = 7FB5E4C1297C33E900A2482B /* AnalyticsView.swift */; };
		7FB5E4C6297C340D00A2482B /* SavedView.swift in Sources */ = {isa = PBXBuildFile; fileRef = 7FB5E4C5297C340D00A2482B /* SavedView.swift */; };
		7FB5E4C8297C456700A2482B /* GoogleService-Info.plist in Resources */ = {isa = PBXBuildFile; fileRef = 7FB5E4C7297C456700A2482B /* GoogleService-Info.plist */; };
/* End PBXBuildFile section */

/* Begin PBXFileReference section */
		7F0F85222977411E00C787A7 /* Colors.swift */ = {isa = PBXFileReference; lastKnownFileType = sourcecode.swift; path = Colors.swift; sourceTree = "<group>"; };
		7F6F76C62975E68D00FF7871 /* Preppi.app */ = {isa = PBXFileReference; explicitFileType = wrapper.application; includeInIndex = 0; path = Preppi.app; sourceTree = BUILT_PRODUCTS_DIR; };
		7F6F76C92975E68D00FF7871 /* PreppiApp.swift */ = {isa = PBXFileReference; lastKnownFileType = sourcecode.swift; path = PreppiApp.swift; sourceTree = "<group>"; };
		7F6F76CB2975E68D00FF7871 /* ContentView.swift */ = {isa = PBXFileReference; lastKnownFileType = sourcecode.swift; path = ContentView.swift; sourceTree = "<group>"; };
		7F6F76CD2975E68E00FF7871 /* Assets.xcassets */ = {isa = PBXFileReference; lastKnownFileType = folder.assetcatalog; path = Assets.xcassets; sourceTree = "<group>"; };
		7F6F76D02975E68E00FF7871 /* Preview Assets.xcassets */ = {isa = PBXFileReference; lastKnownFileType = folder.assetcatalog; path = "Preview Assets.xcassets"; sourceTree = "<group>"; };
		7F6F76D72975EF1900FF7871 /* OnboardingPageModel.swift */ = {isa = PBXFileReference; lastKnownFileType = sourcecode.swift; path = OnboardingPageModel.swift; sourceTree = "<group>"; };
		7F6F76D92975F09E00FF7871 /* OnboardingPageView.swift */ = {isa = PBXFileReference; lastKnownFileType = sourcecode.swift; path = OnboardingPageView.swift; sourceTree = "<group>"; };
		7F6F76DB2975F59A00FF7871 /* Info.plist */ = {isa = PBXFileReference; lastKnownFileType = text.plist; path = Info.plist; sourceTree = "<group>"; };
		7FB5E4AF297BF32500A2482B /* SignupView.swift */ = {isa = PBXFileReference; lastKnownFileType = sourcecode.swift; path = SignupView.swift; sourceTree = "<group>"; };
		7FB5E4B1297C022100A2482B /* SignInWithAppleButton.swift */ = {isa = PBXFileReference; lastKnownFileType = sourcecode.swift; path = SignInWithAppleButton.swift; sourceTree = "<group>"; };
		7FB5E4B3297C098300A2482B /* TestGPT.swift */ = {isa = PBXFileReference; lastKnownFileType = sourcecode.swift; path = TestGPT.swift; sourceTree = "<group>"; };
		7FB5E4B5297C18AD00A2482B /* LoginView.swift */ = {isa = PBXFileReference; lastKnownFileType = sourcecode.swift; path = LoginView.swift; sourceTree = "<group>"; };
		7FB5E4BC297C2CA900A2482B /* HomeView.swift */ = {isa = PBXFileReference; lastKnownFileType = sourcecode.swift; path = HomeView.swift; sourceTree = "<group>"; };
		7FB5E4BE297C2EF800A2482B /* CardView.swift */ = {isa = PBXFileReference; lastKnownFileType = sourcecode.swift; path = CardView.swift; sourceTree = "<group>"; };
		7FB5E4C1297C33E900A2482B /* AnalyticsView.swift */ = {isa = PBXFileReference; lastKnownFileType = sourcecode.swift; path = AnalyticsView.swift; sourceTree = "<group>"; };
		7FB5E4C5297C340D00A2482B /* SavedView.swift */ = {isa = PBXFileReference; lastKnownFileType = sourcecode.swift; path = SavedView.swift; sourceTree = "<group>"; };
		7FB5E4C7297C456700A2482B /* GoogleService-Info.plist */ = {isa = PBXFileReference; lastKnownFileType = text.plist; path = "GoogleService-Info.plist"; sourceTree = SOURCE_ROOT; };
/* End PBXFileReference section */

/* Begin PBXFrameworksBuildPhase section */
		7F6F76C32975E68D00FF7871 /* Frameworks */ = {
			isa = PBXFrameworksBuildPhase;
			buildActionMask = 2147483647;
			files = (
			);
			runOnlyForDeploymentPostprocessing = 0;
		};
/* End PBXFrameworksBuildPhase section */

/* Begin PBXGroup section */
		7F6F76BD2975E68D00FF7871 = {
			isa = PBXGroup;
			children = (
				7FB5E4B3297C098300A2482B /* TestGPT.swift */,
				7F6F76C82975E68D00FF7871 /* Preppi */,
				7F6F76C72975E68D00FF7871 /* Products */,
			);
			sourceTree = "<group>";
		};
		7F6F76C72975E68D00FF7871 /* Products */ = {
			isa = PBXGroup;
			children = (
				7F6F76C62975E68D00FF7871 /* Preppi.app */,
			);
			name = Products;
			sourceTree = "<group>";
		};
		7F6F76C82975E68D00FF7871 /* Preppi */ = {
			isa = PBXGroup;
			children = (
				7F6F76C92975E68D00FF7871 /* PreppiApp.swift */,
				7F6F76CB2975E68D00FF7871 /* ContentView.swift */,
				7FB5E4C1297C33E900A2482B /* AnalyticsView.swift */,
				7FB5E4C5297C340D00A2482B /* SavedView.swift */,
				7FB5E4C0297C329900A2482B /* Home */,
				7FB5E4B9297C1D9400A2482B /* Onboarding */,
				7FB5E4B7297C19DB00A2482B /* Auth */,
				7FB5E4B8297C1D8900A2482B /* Helpers */,
				7F6F76CD2975E68E00FF7871 /* Assets.xcassets */,
				7FB5E4C7297C456700A2482B /* GoogleService-Info.plist */,
				7F6F76DB2975F59A00FF7871 /* Info.plist */,
				7F6F76CF2975E68E00FF7871 /* Preview Content */,
			);
			path = Preppi;
			sourceTree = "<group>";
		};
		7F6F76CF2975E68E00FF7871 /* Preview Content */ = {
			isa = PBXGroup;
			children = (
				7F6F76D02975E68E00FF7871 /* Preview Assets.xcassets */,
			);
			path = "Preview Content";
			sourceTree = "<group>";
		};
		7FB5E4B7297C19DB00A2482B /* Auth */ = {
			isa = PBXGroup;
			children = (
				7FB5E4AF297BF32500A2482B /* SignupView.swift */,
				7FB5E4B5297C18AD00A2482B /* LoginView.swift */,
				7FB5E4B1297C022100A2482B /* SignInWithAppleButton.swift */,
			);
			path = Auth;
			sourceTree = "<group>";
		};
		7FB5E4B8297C1D8900A2482B /* Helpers */ = {
			isa = PBXGroup;
			children = (
				7F0F85222977411E00C787A7 /* Colors.swift */,
			);
			path = Helpers;
			sourceTree = "<group>";
		};
		7FB5E4B9297C1D9400A2482B /* Onboarding */ = {
			isa = PBXGroup;
			children = (
				7F6F76D92975F09E00FF7871 /* OnboardingPageView.swift */,
				7F6F76D72975EF1900FF7871 /* OnboardingPageModel.swift */,
			);
			path = Onboarding;
			sourceTree = "<group>";
		};
		7FB5E4C0297C329900A2482B /* Home */ = {
			isa = PBXGroup;
			children = (
				7FB5E4BC297C2CA900A2482B /* HomeView.swift */,
				7FB5E4BE297C2EF800A2482B /* CardView.swift */,
			);
			path = Home;
			sourceTree = "<group>";
		};
/* End PBXGroup section */

/* Begin PBXNativeTarget section */
		7F6F76C52975E68D00FF7871 /* Preppi */ = {
			isa = PBXNativeTarget;
			buildConfigurationList = 7F6F76D42975E68E00FF7871 /* Build configuration list for PBXNativeTarget "Preppi" */;
			buildPhases = (
				7F6F76C22975E68D00FF7871 /* Sources */,
				7F6F76C32975E68D00FF7871 /* Frameworks */,
				7F6F76C42975E68D00FF7871 /* Resources */,
			);
			buildRules = (
			);
			dependencies = (
			);
			name = Preppi;
			productName = Preppi;
			productReference = 7F6F76C62975E68D00FF7871 /* Preppi.app */;
			productType = "com.apple.product-type.application";
		};
/* End PBXNativeTarget section */

/* Begin PBXProject section */
		7F6F76BE2975E68D00FF7871 /* Project object */ = {
			isa = PBXProject;
			attributes = {
				BuildIndependentTargetsInParallel = 1;
				LastSwiftUpdateCheck = 1420;
				LastUpgradeCheck = 1420;
				TargetAttributes = {
					7F6F76C52975E68D00FF7871 = {
						CreatedOnToolsVersion = 14.2;
					};
				};
			};
			buildConfigurationList = 7F6F76C12975E68D00FF7871 /* Build configuration list for PBXProject "Preppi" */;
			compatibilityVersion = "Xcode 14.0";
			developmentRegion = en;
			hasScannedForEncodings = 0;
			knownRegions = (
				en,
				Base,
			);
			mainGroup = 7F6F76BD2975E68D00FF7871;
			productRefGroup = 7F6F76C72975E68D00FF7871 /* Products */;
			projectDirPath = "";
			projectRoot = "";
			targets = (
				7F6F76C52975E68D00FF7871 /* Preppi */,
			);
		};
/* End PBXProject section */

/* Begin PBXResourcesBuildPhase section */
		7F6F76C42975E68D00FF7871 /* Resources */ = {
			isa = PBXResourcesBuildPhase;
			buildActionMask = 2147483647;
			files = (
				7F6F76D12975E68E00FF7871 /* Preview Assets.xcassets in Resources */,
				7F6F76CE2975E68E00FF7871 /* Assets.xcassets in Resources */,
				7FB5E4C8297C456700A2482B /* GoogleService-Info.plist in Resources */,
			);
			runOnlyForDeploymentPostprocessing = 0;
		};
/* End PBXResourcesBuildPhase section */

/* Begin PBXSourcesBuildPhase section */
		7F6F76C22975E68D00FF7871 /* Sources */ = {
			isa = PBXSourcesBuildPhase;
			buildActionMask = 2147483647;
			files = (
				7FB5E4B0297BF32500A2482B /* SignupView.swift in Sources */,
				7F6F76CC2975E68D00FF7871 /* ContentView.swift in Sources */,
				7FB5E4B6297C18AD00A2482B /* LoginView.swift in Sources */,
				7FB5E4BD297C2CA900A2482B /* HomeView.swift in Sources */,
				7F0F85232977411E00C787A7 /* Colors.swift in Sources */,
				7FB5E4B4297C098300A2482B /* TestGPT.swift in Sources */,
				7FB5E4C6297C340D00A2482B /* SavedView.swift in Sources */,
				7F6F76CA2975E68D00FF7871 /* PreppiApp.swift in Sources */,
				7F6F76DA2975F09E00FF7871 /* OnboardingPageView.swift in Sources */,
				7F6F76D82975EF1900FF7871 /* OnboardingPageModel.swift in Sources */,
				7FB5E4C2297C33E900A2482B /* AnalyticsView.swift in Sources */,
				7FB5E4BF297C2EF800A2482B /* CardView.swift in Sources */,
				7FB5E4B2297C022100A2482B /* SignInWithAppleButton.swift in Sources */,
			);
			runOnlyForDeploymentPostprocessing = 0;
		};
/* End PBXSourcesBuildPhase section */

/* Begin XCBuildConfiguration section */
		7F6F76D22975E68E00FF7871 /* Debug */ = {
			isa = XCBuildConfiguration;
			buildSettings = {
				ALWAYS_SEARCH_USER_PATHS = NO;
				CLANG_ANALYZER_NONNULL = YES;
				CLANG_ANALYZER_NUMBER_OBJECT_CONVERSION = YES_AGGRESSIVE;
				CLANG_CXX_LANGUAGE_STANDARD = "gnu++20";
				CLANG_ENABLE_MODULES = YES;
				CLANG_ENABLE_OBJC_ARC = YES;
				CLANG_ENABLE_OBJC_WEAK = YES;
				CLANG_WARN_BLOCK_CAPTURE_AUTORELEASING = YES;
				CLANG_WARN_BOOL_CONVERSION = YES;
				CLANG_WARN_COMMA = YES;
				CLANG_WARN_CONSTANT_CONVERSION = YES;
				CLANG_WARN_DEPRECATED_OBJC_IMPLEMENTATIONS = YES;
				CLANG_WARN_DIRECT_OBJC_ISA_USAGE = YES_ERROR;
				CLANG_WARN_DOCUMENTATION_COMMENTS = YES;
				CLANG_WARN_EMPTY_BODY = YES;
				CLANG_WARN_ENUM_CONVERSION = YES;
				CLANG_WARN_INFINITE_RECURSION = YES;
				CLANG_WARN_INT_CONVERSION = YES;
				CLANG_WARN_NON_LITERAL_NULL_CONVERSION = YES;
				CLANG_WARN_OBJC_IMPLICIT_RETAIN_SELF = YES;
				CLANG_WARN_OBJC_LITERAL_CONVERSION = YES;
				CLANG_WARN_OBJC_ROOT_CLASS = YES_ERROR;
				CLANG_WARN_QUOTED_INCLUDE_IN_FRAMEWORK_HEADER = YES;
				CLANG_WARN_RANGE_LOOP_ANALYSIS = YES;
				CLANG_WARN_STRICT_PROTOTYPES = YES;
				CLANG_WARN_SUSPICIOUS_MOVE = YES;
				CLANG_WARN_UNGUARDED_AVAILABILITY = YES_AGGRESSIVE;
				CLANG_WARN_UNREACHABLE_CODE = YES;
				CLANG_WARN__DUPLICATE_METHOD_MATCH = YES;
				COPY_PHASE_STRIP = NO;
				DEBUG_INFORMATION_FORMAT = dwarf;
				ENABLE_STRICT_OBJC_MSGSEND = YES;
				ENABLE_TESTABILITY = YES;
				GCC_C_LANGUAGE_STANDARD = gnu11;
				GCC_DYNAMIC_NO_PIC = NO;
				GCC_NO_COMMON_BLOCKS = YES;
				GCC_OPTIMIZATION_LEVEL = 0;
				GCC_PREPROCESSOR_DEFINITIONS = (
					"DEBUG=1",
					"$(inherited)",
				);
				GCC_WARN_64_TO_32_BIT_CONVERSION = YES;
				GCC_WARN_ABOUT_RETURN_TYPE = YES_ERROR;
				GCC_WARN_UNDECLARED_SELECTOR = YES;
				GCC_WARN_UNINITIALIZED_AUTOS = YES_AGGRESSIVE;
				GCC_WARN_UNUSED_FUNCTION = YES;
				GCC_WARN_UNUSED_VARIABLE = YES;
				IPHONEOS_DEPLOYMENT_TARGET = 16.2;
				MTL_ENABLE_DEBUG_INFO = INCLUDE_SOURCE;
				MTL_FAST_MATH = YES;
				ONLY_ACTIVE_ARCH = YES;
				SDKROOT = iphoneos;
				SWIFT_ACTIVE_COMPILATION_CONDITIONS = DEBUG;
				SWIFT_OPTIMIZATION_LEVEL = "-Onone";
			};
			name = Debug;
		};
		7F6F76D32975E68E00FF7871 /* Release */ = {
			isa = XCBuildConfiguration;
			buildSettings = {
				ALWAYS_SEARCH_USER_PATHS = NO;
				CLANG_ANALYZER_NONNULL = YES;
				CLANG_ANALYZER_NUMBER_OBJECT_CONVERSION = YES_AGGRESSIVE;
				CLANG_CXX_LANGUAGE_STANDARD = "gnu++20";
				CLANG_ENABLE_MODULES = YES;
				CLANG_ENABLE_OBJC_ARC = YES;
				CLANG_ENABLE_OBJC_WEAK = YES;
				CLANG_WARN_BLOCK_CAPTURE_AUTORELEASING = YES;
				CLANG_WARN_BOOL_CONVERSION = YES;
				CLANG_WARN_COMMA = YES;
				CLANG_WARN_CONSTANT_CONVERSION = YES;
				CLANG_WARN_DEPRECATED_OBJC_IMPLEMENTATIONS = YES;
				CLANG_WARN_DIRECT_OBJC_ISA_USAGE = YES_ERROR;
				CLANG_WARN_DOCUMENTATION_COMMENTS = YES;
				CLANG_WARN_EMPTY_BODY = YES;
				CLANG_WARN_ENUM_CONVERSION = YES;
				CLANG_WARN_INFINITE_RECURSION = YES;
				CLANG_WARN_INT_CONVERSION = YES;
				CLANG_WARN_NON_LITERAL_NULL_CONVERSION = YES;
				CLANG_WARN_OBJC_IMPLICIT_RETAIN_SELF = YES;
				CLANG_WARN_OBJC_LITERAL_CONVERSION = YES;
				CLANG_WARN_OBJC_ROOT_CLASS = YES_ERROR;
				CLANG_WARN_QUOTED_INCLUDE_IN_FRAMEWORK_HEADER = YES;
				CLANG_WARN_RANGE_LOOP_ANALYSIS = YES;
				CLANG_WARN_STRICT_PROTOTYPES = YES;
				CLANG_WARN_SUSPICIOUS_MOVE = YES;
				CLANG_WARN_UNGUARDED_AVAILABILITY = YES_AGGRESSIVE;
				CLANG_WARN_UNREACHABLE_CODE = YES;
				CLANG_WARN__DUPLICATE_METHOD_MATCH = YES;
				COPY_PHASE_STRIP = NO;
				DEBUG_INFORMATION_FORMAT = "dwarf-with-dsym";
				ENABLE_NS_ASSERTIONS = NO;
				ENABLE_STRICT_OBJC_MSGSEND = YES;
				GCC_C_LANGUAGE_STANDARD = gnu11;
				GCC_NO_COMMON_BLOCKS = YES;
				GCC_WARN_64_TO_32_BIT_CONVERSION = YES;
				GCC_WARN_ABOUT_RETURN_TYPE = YES_ERROR;
				GCC_WARN_UNDECLARED_SELECTOR = YES;
				GCC_WARN_UNINITIALIZED_AUTOS = YES_AGGRESSIVE;
				GCC_WARN_UNUSED_FUNCTION = YES;
				GCC_WARN_UNUSED_VARIABLE = YES;
				IPHONEOS_DEPLOYMENT_TARGET = 16.2;
				MTL_ENABLE_DEBUG_INFO = NO;
				MTL_FAST_MATH = YES;
				SDKROOT = iphoneos;
				SWIFT_COMPILATION_MODE = wholemodule;
				SWIFT_OPTIMIZATION_LEVEL = "-O";
				VALIDATE_PRODUCT = YES;
			};
			name = Release;
		};
		7F6F76D52975E68E00FF7871 /* Debug */ = {
			isa = XCBuildConfiguration;
			buildSettings = {
				ASSETCATALOG_COMPILER_APPICON_NAME = AppIcon;
				ASSETCATALOG_COMPILER_GLOBAL_ACCENT_COLOR_NAME = AccentColor;
				CODE_SIGN_STYLE = Automatic;
				CURRENT_PROJECT_VERSION = 1;
				DEVELOPMENT_ASSET_PATHS = "\"Preppi/Preview Content\"";
				DEVELOPMENT_TEAM = KKPC5PAXNJ;
				ENABLE_PREVIEWS = YES;
				GENERATE_INFOPLIST_FILE = YES;
				INFOPLIST_FILE = Preppi/Info.plist;
				INFOPLIST_KEY_UIApplicationSupportsIndirectInputEvents = YES;
				INFOPLIST_KEY_UILaunchScreen_Generation = YES;
				INFOPLIST_KEY_UISupportedInterfaceOrientations_iPad = "UIInterfaceOrientationPortrait UIInterfaceOrientationPortraitUpsideDown UIInterfaceOrientationLandscapeLeft UIInterfaceOrientationLandscapeRight";
				INFOPLIST_KEY_UISupportedInterfaceOrientations_iPhone = "UIInterfaceOrientationPortrait UIInterfaceOrientationLandscapeLeft UIInterfaceOrientationLandscapeRight";
				LD_RUNPATH_SEARCH_PATHS = (
					"$(inherited)",
					"@executable_path/Frameworks",
				);
				MARKETING_VERSION = 1.0;
				PRODUCT_BUNDLE_IDENTIFIER = velichko.stepan.making.a.unicorn.Preppi;
				PRODUCT_NAME = "$(TARGET_NAME)";
				SWIFT_EMIT_LOC_STRINGS = YES;
				SWIFT_VERSION = 5.0;
				TARGETED_DEVICE_FAMILY = "1,2";
			};
			name = Debug;
		};
		7F6F76D62975E68E00FF7871 /* Release */ = {
			isa = XCBuildConfiguration;
			buildSettings = {
				ASSETCATALOG_COMPILER_APPICON_NAME = AppIcon;
				ASSETCATALOG_COMPILER_GLOBAL_ACCENT_COLOR_NAME = AccentColor;
				CODE_SIGN_STYLE = Automatic;
				CURRENT_PROJECT_VERSION = 1;
				DEVELOPMENT_ASSET_PATHS = "\"Preppi/Preview Content\"";
				DEVELOPMENT_TEAM = KKPC5PAXNJ;
				ENABLE_PREVIEWS = YES;
				GENERATE_INFOPLIST_FILE = YES;
				INFOPLIST_FILE = Preppi/Info.plist;
				INFOPLIST_KEY_UIApplicationSupportsIndirectInputEvents = YES;
				INFOPLIST_KEY_UILaunchScreen_Generation = YES;
				INFOPLIST_KEY_UISupportedInterfaceOrientations_iPad = "UIInterfaceOrientationPortrait UIInterfaceOrientationPortraitUpsideDown UIInterfaceOrientationLandscapeLeft UIInterfaceOrientationLandscapeRight";
				INFOPLIST_KEY_UISupportedInterfaceOrientations_iPhone = "UIInterfaceOrientationPortrait UIInterfaceOrientationLandscapeLeft UIInterfaceOrientationLandscapeRight";
				LD_RUNPATH_SEARCH_PATHS = (
					"$(inherited)",
					"@executable_path/Frameworks",
				);
				MARKETING_VERSION = 1.0;
				PRODUCT_BUNDLE_IDENTIFIER = velichko.stepan.making.a.unicorn.Preppi;
				PRODUCT_NAME = "$(TARGET_NAME)";
				SWIFT_EMIT_LOC_STRINGS = YES;
				SWIFT_VERSION = 5.0;
				TARGETED_DEVICE_FAMILY = "1,2";
			};
			name = Release;
		};
/* End XCBuildConfiguration section */

/* Begin XCConfigurationList section */
		7F6F76C12975E68D00FF7871 /* Build configuration list for PBXProject "Preppi" */ = {
			isa = XCConfigurationList;
			buildConfigurations = (
				7F6F76D22975E68E00FF7871 /* Debug */,
				7F6F76D32975E68E00FF7871 /* Release */,
			);
			defaultConfigurationIsVisible = 0;
			defaultConfigurationName = Release;
		};
		7F6F76D42975E68E00FF7871 /* Build configuration list for PBXNativeTarget "Preppi" */ = {
			isa = XCConfigurationList;
			buildConfigurations = (
				7F6F76D52975E68E00FF7871 /* Debug */,
				7F6F76D62975E68E00FF7871 /* Release */,
			);
			defaultConfigurationIsVisible = 0;
			defaultConfigurationName = Release;
		};
/* End XCConfigurationList section */
	};
	rootObject = 7F6F76BE2975E68D00FF7871 /* Project object */;
}
