// !$*UTF8*$!
{
	archiveVersion = 1;
	classes = {
	};
	objectVersion = 56;
	objects = {

/* Begin PBXBuildFile section */
		7F0F85232977411E00C787A7 /* Colors.swift in Sources */ = {isa = PBXBuildFile; fileRef = 7F0F85222977411E00C787A7 /* Colors.swift */; };
		7F250E9629885F7600D84AD0 /* UserService.swift in Sources */ = {isa = PBXBuildFile; fileRef = 7F250E9529885F7600D84AD0 /* UserService.swift */; };
		7F250E982988614000D84AD0 /* User.swift in Sources */ = {isa = PBXBuildFile; fileRef = 7F250E972988614000D84AD0 /* User.swift */; };
		7F5EFEFE29900DF0008B35D3 /* SavedModel_DEPR.swift in Sources */ = {isa = PBXBuildFile; fileRef = 7F5EFEFD29900DF0008B35D3 /* SavedModel_DEPR.swift */; };
		7F68B0D12986CD6E00F1BDBD /* Chips.swift in Sources */ = {isa = PBXBuildFile; fileRef = 7F68B0D02986CD6E00F1BDBD /* Chips.swift */; };
		7F68B0D32986D24800F1BDBD /* ChipsView.swift in Sources */ = {isa = PBXBuildFile; fileRef = 7F68B0D22986D24800F1BDBD /* ChipsView.swift */; };
		7F68B0D52986D61B00F1BDBD /* QuestionView.swift in Sources */ = {isa = PBXBuildFile; fileRef = 7F68B0D42986D61B00F1BDBD /* QuestionView.swift */; };
		7F6F76CA2975E68D00FF7871 /* PreppiApp.swift in Sources */ = {isa = PBXBuildFile; fileRef = 7F6F76C92975E68D00FF7871 /* PreppiApp.swift */; };
		7F6F76CC2975E68D00FF7871 /* ContentView.swift in Sources */ = {isa = PBXBuildFile; fileRef = 7F6F76CB2975E68D00FF7871 /* ContentView.swift */; };
		7F6F76CE2975E68E00FF7871 /* Assets.xcassets in Resources */ = {isa = PBXBuildFile; fileRef = 7F6F76CD2975E68E00FF7871 /* Assets.xcassets */; };
		7F6F76D12975E68E00FF7871 /* Preview Assets.xcassets in Resources */ = {isa = PBXBuildFile; fileRef = 7F6F76D02975E68E00FF7871 /* Preview Assets.xcassets */; };
		7F6F76D82975EF1900FF7871 /* OnboardingPageModel.swift in Sources */ = {isa = PBXBuildFile; fileRef = 7F6F76D72975EF1900FF7871 /* OnboardingPageModel.swift */; };
		7F6F76DA2975F09E00FF7871 /* OnboardingPageView.swift in Sources */ = {isa = PBXBuildFile; fileRef = 7F6F76D92975F09E00FF7871 /* OnboardingPageView.swift */; };
		7F700BBB299D734E0067252C /* MasteredCategoryView.swift in Sources */ = {isa = PBXBuildFile; fileRef = 7F700BBA299D734E0067252C /* MasteredCategoryView.swift */; };
		7F855ACB2999116100F55116 /* ProgressCircleView.swift in Sources */ = {isa = PBXBuildFile; fileRef = 7F855ACA2999116100F55116 /* ProgressCircleView.swift */; };
		7F8BDD7C29A8D8DC00318707 /* PremiumView.swift in Sources */ = {isa = PBXBuildFile; fileRef = 7F8BDD7B29A8D8DC00318707 /* PremiumView.swift */; };
		7F8BDD7E29A8DD5B00318707 /* PremiumLine.swift in Sources */ = {isa = PBXBuildFile; fileRef = 7F8BDD7D29A8DD5B00318707 /* PremiumLine.swift */; };
		7F8BDD8229A9062C00318707 /* RadioButton.swift in Sources */ = {isa = PBXBuildFile; fileRef = 7F8BDD8129A9062C00318707 /* RadioButton.swift */; };
		7F9BCE562985D3EB0073BE23 /* ProgressBarView.swift in Sources */ = {isa = PBXBuildFile; fileRef = 7F9BCE552985D3EB0073BE23 /* ProgressBarView.swift */; };
		7FA0910329943F410006F5D8 /* MasteredStats.swift in Sources */ = {isa = PBXBuildFile; fileRef = 7FA0910229943F410006F5D8 /* MasteredStats.swift */; };
		7FA5843F29A1031D00F410CE /* QuestionForAnalyticsView.swift in Sources */ = {isa = PBXBuildFile; fileRef = 7FA5843E29A1031D00F410CE /* QuestionForAnalyticsView.swift */; };
		7FA9FB1E29A40B9F0079059B /* ConfettiSwiftUI in Frameworks */ = {isa = PBXBuildFile; productRef = 7FA9FB1D29A40B9F0079059B /* ConfettiSwiftUI */; };
		7FB5E4B0297BF32500A2482B /* SignupView.swift in Sources */ = {isa = PBXBuildFile; fileRef = 7FB5E4AF297BF32500A2482B /* SignupView.swift */; };
		7FB5E4B2297C022100A2482B /* SignInWithAppleButton.swift in Sources */ = {isa = PBXBuildFile; fileRef = 7FB5E4B1297C022100A2482B /* SignInWithAppleButton.swift */; };
		7FB5E4B6297C18AD00A2482B /* LoginView.swift in Sources */ = {isa = PBXBuildFile; fileRef = 7FB5E4B5297C18AD00A2482B /* LoginView.swift */; };
		7FB5E4BD297C2CA900A2482B /* HomeView.swift in Sources */ = {isa = PBXBuildFile; fileRef = 7FB5E4BC297C2CA900A2482B /* HomeView.swift */; };
		7FB5E4BF297C2EF800A2482B /* CardView.swift in Sources */ = {isa = PBXBuildFile; fileRef = 7FB5E4BE297C2EF800A2482B /* CardView.swift */; };
		7FB5E4C2297C33E900A2482B /* StatsView.swift in Sources */ = {isa = PBXBuildFile; fileRef = 7FB5E4C1297C33E900A2482B /* StatsView.swift */; };
		7FB5E4C6297C340D00A2482B /* SavedView.swift in Sources */ = {isa = PBXBuildFile; fileRef = 7FB5E4C5297C340D00A2482B /* SavedView.swift */; };
		7FB5E4C8297C456700A2482B /* GoogleService-Info.plist in Resources */ = {isa = PBXBuildFile; fileRef = 7FB5E4C7297C456700A2482B /* GoogleService-Info.plist */; };
		7FB5E4CB297C472100A2482B /* FirebaseAuth in Frameworks */ = {isa = PBXBuildFile; productRef = 7FB5E4CA297C472100A2482B /* FirebaseAuth */; };
		7FB5E4CD297C472100A2482B /* FirebaseFirestore in Frameworks */ = {isa = PBXBuildFile; productRef = 7FB5E4CC297C472100A2482B /* FirebaseFirestore */; };
		7FB5E4CF297C472100A2482B /* FirebaseFirestoreSwift in Frameworks */ = {isa = PBXBuildFile; productRef = 7FB5E4CE297C472100A2482B /* FirebaseFirestoreSwift */; };
		7FB5E4D1297C472100A2482B /* FirebaseStorage in Frameworks */ = {isa = PBXBuildFile; productRef = 7FB5E4D0297C472100A2482B /* FirebaseStorage */; };
		7FB5E4D32981BEDF00A2482B /* SettingsView.swift in Sources */ = {isa = PBXBuildFile; fileRef = 7FB5E4D22981BEDF00A2482B /* SettingsView.swift */; };
		7FD2A2902983128C00016281 /* CustomTabBar.swift in Sources */ = {isa = PBXBuildFile; fileRef = 7FD2A28F2983128C00016281 /* CustomTabBar.swift */; };
		7FD2A292298320A600016281 /* TabBarButton.swift in Sources */ = {isa = PBXBuildFile; fileRef = 7FD2A291298320A600016281 /* TabBarButton.swift */; };
		7FD872D52981C72F00A3A33C /* AuthViewModel.swift in Sources */ = {isa = PBXBuildFile; fileRef = 7FD872D42981C72F00A3A33C /* AuthViewModel.swift */; };
		7FE4832E2989AC6D0008212A /* QuestionModel.swift in Sources */ = {isa = PBXBuildFile; fileRef = 7FE4832D2989AC6D0008212A /* QuestionModel.swift */; };
		7FE483302989AC750008212A /* Question.swift in Sources */ = {isa = PBXBuildFile; fileRef = 7FE4832F2989AC750008212A /* Question.swift */; };
		7FE483342989B60F0008212A /* Categories.swift in Sources */ = {isa = PBXBuildFile; fileRef = 7FE483332989B60F0008212A /* Categories.swift */; };
		7FEBF40B29AD40AD0010C338 /* ResetPasswordView.swift in Sources */ = {isa = PBXBuildFile; fileRef = 7FEBF40A29AD40AD0010C338 /* ResetPasswordView.swift */; };
/* End PBXBuildFile section */

/* Begin PBXFileReference section */
		7F0F85222977411E00C787A7 /* Colors.swift */ = {isa = PBXFileReference; lastKnownFileType = sourcecode.swift; path = Colors.swift; sourceTree = "<group>"; };
		7F250E9529885F7600D84AD0 /* UserService.swift */ = {isa = PBXFileReference; lastKnownFileType = sourcecode.swift; path = UserService.swift; sourceTree = "<group>"; };
		7F250E972988614000D84AD0 /* User.swift */ = {isa = PBXFileReference; lastKnownFileType = sourcecode.swift; path = User.swift; sourceTree = "<group>"; };
		7F5EFEFD29900DF0008B35D3 /* SavedModel_DEPR.swift */ = {isa = PBXFileReference; lastKnownFileType = sourcecode.swift; path = SavedModel_DEPR.swift; sourceTree = "<group>"; };
		7F68B0D02986CD6E00F1BDBD /* Chips.swift */ = {isa = PBXFileReference; lastKnownFileType = sourcecode.swift; path = Chips.swift; sourceTree = "<group>"; };
		7F68B0D22986D24800F1BDBD /* ChipsView.swift */ = {isa = PBXFileReference; lastKnownFileType = sourcecode.swift; path = ChipsView.swift; sourceTree = "<group>"; };
		7F68B0D42986D61B00F1BDBD /* QuestionView.swift */ = {isa = PBXFileReference; lastKnownFileType = sourcecode.swift; path = QuestionView.swift; sourceTree = "<group>"; };
		7F6F76C62975E68D00FF7871 /* Preppi.app */ = {isa = PBXFileReference; explicitFileType = wrapper.application; includeInIndex = 0; path = Preppi.app; sourceTree = BUILT_PRODUCTS_DIR; };
		7F6F76C92975E68D00FF7871 /* PreppiApp.swift */ = {isa = PBXFileReference; lastKnownFileType = sourcecode.swift; path = PreppiApp.swift; sourceTree = "<group>"; };
		7F6F76CB2975E68D00FF7871 /* ContentView.swift */ = {isa = PBXFileReference; lastKnownFileType = sourcecode.swift; path = ContentView.swift; sourceTree = "<group>"; };
		7F6F76CD2975E68E00FF7871 /* Assets.xcassets */ = {isa = PBXFileReference; lastKnownFileType = folder.assetcatalog; path = Assets.xcassets; sourceTree = "<group>"; };
		7F6F76D02975E68E00FF7871 /* Preview Assets.xcassets */ = {isa = PBXFileReference; lastKnownFileType = folder.assetcatalog; path = "Preview Assets.xcassets"; sourceTree = "<group>"; };
		7F6F76D72975EF1900FF7871 /* OnboardingPageModel.swift */ = {isa = PBXFileReference; lastKnownFileType = sourcecode.swift; path = OnboardingPageModel.swift; sourceTree = "<group>"; };
		7F6F76D92975F09E00FF7871 /* OnboardingPageView.swift */ = {isa = PBXFileReference; lastKnownFileType = sourcecode.swift; path = OnboardingPageView.swift; sourceTree = "<group>"; };
		7F6F76DB2975F59A00FF7871 /* Info.plist */ = {isa = PBXFileReference; lastKnownFileType = text.plist; path = Info.plist; sourceTree = "<group>"; };
		7F700BBA299D734E0067252C /* MasteredCategoryView.swift */ = {isa = PBXFileReference; lastKnownFileType = sourcecode.swift; path = MasteredCategoryView.swift; sourceTree = "<group>"; };
		7F855ACA2999116100F55116 /* ProgressCircleView.swift */ = {isa = PBXFileReference; lastKnownFileType = sourcecode.swift; path = ProgressCircleView.swift; sourceTree = "<group>"; };
		7F8BDD7B29A8D8DC00318707 /* PremiumView.swift */ = {isa = PBXFileReference; lastKnownFileType = sourcecode.swift; path = PremiumView.swift; sourceTree = "<group>"; };
		7F8BDD7D29A8DD5B00318707 /* PremiumLine.swift */ = {isa = PBXFileReference; lastKnownFileType = sourcecode.swift; path = PremiumLine.swift; sourceTree = "<group>"; };
		7F8BDD8129A9062C00318707 /* RadioButton.swift */ = {isa = PBXFileReference; lastKnownFileType = sourcecode.swift; path = RadioButton.swift; sourceTree = "<group>"; };
		7F9BCE552985D3EB0073BE23 /* ProgressBarView.swift */ = {isa = PBXFileReference; lastKnownFileType = sourcecode.swift; path = ProgressBarView.swift; sourceTree = "<group>"; };
		7FA0910229943F410006F5D8 /* MasteredStats.swift */ = {isa = PBXFileReference; lastKnownFileType = sourcecode.swift; path = MasteredStats.swift; sourceTree = "<group>"; };
		7FA5843E29A1031D00F410CE /* QuestionForAnalyticsView.swift */ = {isa = PBXFileReference; lastKnownFileType = sourcecode.swift; path = QuestionForAnalyticsView.swift; sourceTree = "<group>"; };
		7FB5E4AF297BF32500A2482B /* SignupView.swift */ = {isa = PBXFileReference; lastKnownFileType = sourcecode.swift; path = SignupView.swift; sourceTree = "<group>"; };
		7FB5E4B1297C022100A2482B /* SignInWithAppleButton.swift */ = {isa = PBXFileReference; lastKnownFileType = sourcecode.swift; path = SignInWithAppleButton.swift; sourceTree = "<group>"; };
		7FB5E4B5297C18AD00A2482B /* LoginView.swift */ = {isa = PBXFileReference; lastKnownFileType = sourcecode.swift; path = LoginView.swift; sourceTree = "<group>"; };
		7FB5E4BC297C2CA900A2482B /* HomeView.swift */ = {isa = PBXFileReference; lastKnownFileType = sourcecode.swift; path = HomeView.swift; sourceTree = "<group>"; };
		7FB5E4BE297C2EF800A2482B /* CardView.swift */ = {isa = PBXFileReference; lastKnownFileType = sourcecode.swift; path = CardView.swift; sourceTree = "<group>"; };
		7FB5E4C1297C33E900A2482B /* StatsView.swift */ = {isa = PBXFileReference; lastKnownFileType = sourcecode.swift; path = StatsView.swift; sourceTree = "<group>"; };
		7FB5E4C5297C340D00A2482B /* SavedView.swift */ = {isa = PBXFileReference; lastKnownFileType = sourcecode.swift; path = SavedView.swift; sourceTree = "<group>"; };
		7FB5E4C7297C456700A2482B /* GoogleService-Info.plist */ = {isa = PBXFileReference; lastKnownFileType = text.plist; path = "GoogleService-Info.plist"; sourceTree = SOURCE_ROOT; };
		7FB5E4D22981BEDF00A2482B /* SettingsView.swift */ = {isa = PBXFileReference; lastKnownFileType = sourcecode.swift; path = SettingsView.swift; sourceTree = "<group>"; };
		7FD2A28F2983128C00016281 /* CustomTabBar.swift */ = {isa = PBXFileReference; lastKnownFileType = sourcecode.swift; path = CustomTabBar.swift; sourceTree = "<group>"; };
		7FD2A291298320A600016281 /* TabBarButton.swift */ = {isa = PBXFileReference; lastKnownFileType = sourcecode.swift; path = TabBarButton.swift; sourceTree = "<group>"; };
		7FD872D42981C72F00A3A33C /* AuthViewModel.swift */ = {isa = PBXFileReference; lastKnownFileType = sourcecode.swift; path = AuthViewModel.swift; sourceTree = "<group>"; };
		7FE4832D2989AC6D0008212A /* QuestionModel.swift */ = {isa = PBXFileReference; lastKnownFileType = sourcecode.swift; path = QuestionModel.swift; sourceTree = "<group>"; };
		7FE4832F2989AC750008212A /* Question.swift */ = {isa = PBXFileReference; lastKnownFileType = sourcecode.swift; path = Question.swift; sourceTree = "<group>"; };
		7FE483332989B60F0008212A /* Categories.swift */ = {isa = PBXFileReference; lastKnownFileType = sourcecode.swift; path = Categories.swift; sourceTree = "<group>"; };
		7FEBF40A29AD40AD0010C338 /* ResetPasswordView.swift */ = {isa = PBXFileReference; lastKnownFileType = sourcecode.swift; path = ResetPasswordView.swift; sourceTree = "<group>"; };
/* End PBXFileReference section */

/* Begin PBXFrameworksBuildPhase section */
		7F6F76C32975E68D00FF7871 /* Frameworks */ = {
			isa = PBXFrameworksBuildPhase;
			buildActionMask = 2147483647;
			files = (
				7FA9FB1E29A40B9F0079059B /* ConfettiSwiftUI in Frameworks */,
				7FB5E4CB297C472100A2482B /* FirebaseAuth in Frameworks */,
				7FB5E4D1297C472100A2482B /* FirebaseStorage in Frameworks */,
				7FB5E4CD297C472100A2482B /* FirebaseFirestore in Frameworks */,
				7FB5E4CF297C472100A2482B /* FirebaseFirestoreSwift in Frameworks */,
			);
			runOnlyForDeploymentPostprocessing = 0;
		};
/* End PBXFrameworksBuildPhase section */

/* Begin PBXGroup section */
		7F250E902988594700D84AD0 /* Settings */ = {
			isa = PBXGroup;
			children = (
				7FB5E4D22981BEDF00A2482B /* SettingsView.swift */,
				7F250E9529885F7600D84AD0 /* UserService.swift */,
				7F250E972988614000D84AD0 /* User.swift */,
			);
			path = Settings;
			sourceTree = "<group>";
		};
		7F68B0CF2986CACC00F1BDBD /* Saved */ = {
			isa = PBXGroup;
			children = (
				7FB5E4C5297C340D00A2482B /* SavedView.swift */,
				7F68B0D02986CD6E00F1BDBD /* Chips.swift */,
				7F68B0D22986D24800F1BDBD /* ChipsView.swift */,
				7F68B0D42986D61B00F1BDBD /* QuestionView.swift */,
				7F5EFEFD29900DF0008B35D3 /* SavedModel_DEPR.swift */,
			);
			path = Saved;
			sourceTree = "<group>";
		};
		7F6F76BD2975E68D00FF7871 = {
			isa = PBXGroup;
			children = (
				7F6F76C82975E68D00FF7871 /* Preppi */,
				7F6F76C72975E68D00FF7871 /* Products */,
			);
			sourceTree = "<group>";
		};
		7F6F76C72975E68D00FF7871 /* Products */ = {
			isa = PBXGroup;
			children = (
				7F6F76C62975E68D00FF7871 /* Preppi.app */,
			);
			name = Products;
			sourceTree = "<group>";
		};
		7F6F76C82975E68D00FF7871 /* Preppi */ = {
			isa = PBXGroup;
			children = (
				7F6F76C92975E68D00FF7871 /* PreppiApp.swift */,
				7F6F76CB2975E68D00FF7871 /* ContentView.swift */,
				7F68B0CF2986CACC00F1BDBD /* Saved */,
				7F250E902988594700D84AD0 /* Settings */,
				7F9BCE572985D4040073BE23 /* Analytics */,
				7FB5E4C0297C329900A2482B /* Home */,
				7FE4832C2989AC4C0008212A /* Questions */,
				7FB5E4B9297C1D9400A2482B /* Onboarding */,
				7FB5E4B7297C19DB00A2482B /* Auth */,
				7FB9D65B29AD3A4F00F31F2D /* Premium */,
				7FB5E4B8297C1D8900A2482B /* Helpers */,
				7F6F76CD2975E68E00FF7871 /* Assets.xcassets */,
				7FB5E4C7297C456700A2482B /* GoogleService-Info.plist */,
				7F6F76DB2975F59A00FF7871 /* Info.plist */,
				7F6F76CF2975E68E00FF7871 /* Preview Content */,
			);
			path = Preppi;
			sourceTree = "<group>";
		};
		7F6F76CF2975E68E00FF7871 /* Preview Content */ = {
			isa = PBXGroup;
			children = (
				7F6F76D02975E68E00FF7871 /* Preview Assets.xcassets */,
			);
			path = "Preview Content";
			sourceTree = "<group>";
		};
		7F9BCE572985D4040073BE23 /* Analytics */ = {
			isa = PBXGroup;
			children = (
				7FB5E4C1297C33E900A2482B /* StatsView.swift */,
				7F9BCE552985D3EB0073BE23 /* ProgressBarView.swift */,
				7F855ACA2999116100F55116 /* ProgressCircleView.swift */,
				7F700BBA299D734E0067252C /* MasteredCategoryView.swift */,
				7FA5843E29A1031D00F410CE /* QuestionForAnalyticsView.swift */,
			);
			path = Analytics;
			sourceTree = "<group>";
		};
		7FB5E4B7297C19DB00A2482B /* Auth */ = {
			isa = PBXGroup;
			children = (
				7FD872D42981C72F00A3A33C /* AuthViewModel.swift */,
				7FB5E4AF297BF32500A2482B /* SignupView.swift */,
				7FB5E4B5297C18AD00A2482B /* LoginView.swift */,
				7FEBF40A29AD40AD0010C338 /* ResetPasswordView.swift */,
				7FB5E4B1297C022100A2482B /* SignInWithAppleButton.swift */,
			);
			path = Auth;
			sourceTree = "<group>";
		};
		7FB5E4B8297C1D8900A2482B /* Helpers */ = {
			isa = PBXGroup;
			children = (
				7F0F85222977411E00C787A7 /* Colors.swift */,
				7FD2A28F2983128C00016281 /* CustomTabBar.swift */,
				7FD2A291298320A600016281 /* TabBarButton.swift */,
			);
			path = Helpers;
			sourceTree = "<group>";
		};
		7FB5E4B9297C1D9400A2482B /* Onboarding */ = {
			isa = PBXGroup;
			children = (
				7F6F76D92975F09E00FF7871 /* OnboardingPageView.swift */,
				7F6F76D72975EF1900FF7871 /* OnboardingPageModel.swift */,
			);
			path = Onboarding;
			sourceTree = "<group>";
		};
		7FB5E4C0297C329900A2482B /* Home */ = {
			isa = PBXGroup;
			children = (
				7FB5E4BC297C2CA900A2482B /* HomeView.swift */,
				7FB5E4BE297C2EF800A2482B /* CardView.swift */,
			);
			path = Home;
			sourceTree = "<group>";
		};
		7FB9D65B29AD3A4F00F31F2D /* Premium */ = {
			isa = PBXGroup;
			children = (
				7F8BDD7B29A8D8DC00318707 /* PremiumView.swift */,
				7F8BDD7D29A8DD5B00318707 /* PremiumLine.swift */,
				7F8BDD8129A9062C00318707 /* RadioButton.swift */,
			);
			path = Premium;
			sourceTree = "<group>";
		};
		7FE4832C2989AC4C0008212A /* Questions */ = {
			isa = PBXGroup;
			children = (
				7FE4832D2989AC6D0008212A /* QuestionModel.swift */,
				7FE4832F2989AC750008212A /* Question.swift */,
				7FE483332989B60F0008212A /* Categories.swift */,
				7FA0910229943F410006F5D8 /* MasteredStats.swift */,
			);
			path = Questions;
			sourceTree = "<group>";
		};
/* End PBXGroup section */

/* Begin PBXNativeTarget section */
		7F6F76C52975E68D00FF7871 /* Preppi */ = {
			isa = PBXNativeTarget;
			buildConfigurationList = 7F6F76D42975E68E00FF7871 /* Build configuration list for PBXNativeTarget "Preppi" */;
			buildPhases = (
				7F6F76C22975E68D00FF7871 /* Sources */,
				7F6F76C32975E68D00FF7871 /* Frameworks */,
				7F6F76C42975E68D00FF7871 /* Resources */,
			);
			buildRules = (
			);
			dependencies = (
			);
			name = Preppi;
			packageProductDependencies = (
				7FB5E4CA297C472100A2482B /* FirebaseAuth */,
				7FB5E4CC297C472100A2482B /* FirebaseFirestore */,
				7FB5E4CE297C472100A2482B /* FirebaseFirestoreSwift */,
				7FB5E4D0297C472100A2482B /* FirebaseStorage */,
				7FA9FB1D29A40B9F0079059B /* ConfettiSwiftUI */,
			);
			productName = Preppi;
			productReference = 7F6F76C62975E68D00FF7871 /* Preppi.app */;
			productType = "com.apple.product-type.application";
		};
/* End PBXNativeTarget section */

/* Begin PBXProject section */
		7F6F76BE2975E68D00FF7871 /* Project object */ = {
			isa = PBXProject;
			attributes = {
				BuildIndependentTargetsInParallel = 1;
				LastSwiftUpdateCheck = 1420;
				LastUpgradeCheck = 1420;
				TargetAttributes = {
					7F6F76C52975E68D00FF7871 = {
						CreatedOnToolsVersion = 14.2;
					};
				};
			};
			buildConfigurationList = 7F6F76C12975E68D00FF7871 /* Build configuration list for PBXProject "Preppi" */;
			compatibilityVersion = "Xcode 14.0";
			developmentRegion = en;
			hasScannedForEncodings = 0;
			knownRegions = (
				en,
				Base,
			);
			mainGroup = 7F6F76BD2975E68D00FF7871;
			packageReferences = (
				7FB5E4C9297C472100A2482B /* XCRemoteSwiftPackageReference "firebase-ios-sdk" */,
				7FA9FB1C29A40B9F0079059B /* XCRemoteSwiftPackageReference "ConfettiSwiftUI" */,
			);
			productRefGroup = 7F6F76C72975E68D00FF7871 /* Products */;
			projectDirPath = "";
			projectRoot = "";
			targets = (
				7F6F76C52975E68D00FF7871 /* Preppi */,
			);
		};
/* End PBXProject section */

/* Begin PBXResourcesBuildPhase section */
		7F6F76C42975E68D00FF7871 /* Resources */ = {
			isa = PBXResourcesBuildPhase;
			buildActionMask = 2147483647;
			files = (
				7F6F76D12975E68E00FF7871 /* Preview Assets.xcassets in Resources */,
				7F6F76CE2975E68E00FF7871 /* Assets.xcassets in Resources */,
				7FB5E4C8297C456700A2482B /* GoogleService-Info.plist in Resources */,
			);
			runOnlyForDeploymentPostprocessing = 0;
		};
/* End PBXResourcesBuildPhase section */

/* Begin PBXSourcesBuildPhase section */
		7F6F76C22975E68D00FF7871 /* Sources */ = {
			isa = PBXSourcesBuildPhase;
			buildActionMask = 2147483647;
			files = (
				7FD2A292298320A600016281 /* TabBarButton.swift in Sources */,
				7F68B0D12986CD6E00F1BDBD /* Chips.swift in Sources */,
				7F250E982988614000D84AD0 /* User.swift in Sources */,
				7FA0910329943F410006F5D8 /* MasteredStats.swift in Sources */,
				7F8BDD7C29A8D8DC00318707 /* PremiumView.swift in Sources */,
				7FB5E4B0297BF32500A2482B /* SignupView.swift in Sources */,
				7F6F76CC2975E68D00FF7871 /* ContentView.swift in Sources */,
				7FB5E4B6297C18AD00A2482B /* LoginView.swift in Sources */,
				7F68B0D52986D61B00F1BDBD /* QuestionView.swift in Sources */,
				7FD2A2902983128C00016281 /* CustomTabBar.swift in Sources */,
				7FB5E4BD297C2CA900A2482B /* HomeView.swift in Sources */,
				7FE483302989AC750008212A /* Question.swift in Sources */,
				7F9BCE562985D3EB0073BE23 /* ProgressBarView.swift in Sources */,
				7F0F85232977411E00C787A7 /* Colors.swift in Sources */,
				7FD872D52981C72F00A3A33C /* AuthViewModel.swift in Sources */,
				7F68B0D32986D24800F1BDBD /* ChipsView.swift in Sources */,
				7FB5E4C6297C340D00A2482B /* SavedView.swift in Sources */,
				7F700BBB299D734E0067252C /* MasteredCategoryView.swift in Sources */,
				7FB5E4D32981BEDF00A2482B /* SettingsView.swift in Sources */,
				7F8BDD7E29A8DD5B00318707 /* PremiumLine.swift in Sources */,
				7F6F76CA2975E68D00FF7871 /* PreppiApp.swift in Sources */,
				7F6F76DA2975F09E00FF7871 /* OnboardingPageView.swift in Sources */,
				7F855ACB2999116100F55116 /* ProgressCircleView.swift in Sources */,
				7F6F76D82975EF1900FF7871 /* OnboardingPageModel.swift in Sources */,
				7FE4832E2989AC6D0008212A /* QuestionModel.swift in Sources */,
				7F250E9629885F7600D84AD0 /* UserService.swift in Sources */,
				7F8BDD8229A9062C00318707 /* RadioButton.swift in Sources */,
				7F5EFEFE29900DF0008B35D3 /* SavedModel_DEPR.swift in Sources */,
				7FB5E4C2297C33E900A2482B /* StatsView.swift in Sources */,
				7FB5E4BF297C2EF800A2482B /* CardView.swift in Sources */,
				7FA5843F29A1031D00F410CE /* QuestionForAnalyticsView.swift in Sources */,
				7FB5E4B2297C022100A2482B /* SignInWithAppleButton.swift in Sources */,
				7FE483342989B60F0008212A /* Categories.swift in Sources */,
				7FEBF40B29AD40AD0010C338 /* ResetPasswordView.swift in Sources */,
			);
			runOnlyForDeploymentPostprocessing = 0;
		};
/* End PBXSourcesBuildPhase section */

/* Begin XCBuildConfiguration section */
		7F6F76D22975E68E00FF7871 /* Debug */ = {
			isa = XCBuildConfiguration;
			buildSettings = {
				ALWAYS_SEARCH_USER_PATHS = NO;
				CLANG_ANALYZER_NONNULL = YES;
				CLANG_ANALYZER_NUMBER_OBJECT_CONVERSION = YES_AGGRESSIVE;
				CLANG_CXX_LANGUAGE_STANDARD = "gnu++20";
				CLANG_ENABLE_MODULES = YES;
				CLANG_ENABLE_OBJC_ARC = YES;
				CLANG_ENABLE_OBJC_WEAK = YES;
				CLANG_WARN_BLOCK_CAPTURE_AUTORELEASING = YES;
				CLANG_WARN_BOOL_CONVERSION = YES;
				CLANG_WARN_COMMA = YES;
				CLANG_WARN_CONSTANT_CONVERSION = YES;
				CLANG_WARN_DEPRECATED_OBJC_IMPLEMENTATIONS = YES;
				CLANG_WARN_DIRECT_OBJC_ISA_USAGE = YES_ERROR;
				CLANG_WARN_DOCUMENTATION_COMMENTS = YES;
				CLANG_WARN_EMPTY_BODY = YES;
				CLANG_WARN_ENUM_CONVERSION = YES;
				CLANG_WARN_INFINITE_RECURSION = YES;
				CLANG_WARN_INT_CONVERSION = YES;
				CLANG_WARN_NON_LITERAL_NULL_CONVERSION = YES;
				CLANG_WARN_OBJC_IMPLICIT_RETAIN_SELF = YES;
				CLANG_WARN_OBJC_LITERAL_CONVERSION = YES;
				CLANG_WARN_OBJC_ROOT_CLASS = YES_ERROR;
				CLANG_WARN_QUOTED_INCLUDE_IN_FRAMEWORK_HEADER = YES;
				CLANG_WARN_RANGE_LOOP_ANALYSIS = YES;
				CLANG_WARN_STRICT_PROTOTYPES = YES;
				CLANG_WARN_SUSPICIOUS_MOVE = YES;
				CLANG_WARN_UNGUARDED_AVAILABILITY = YES_AGGRESSIVE;
				CLANG_WARN_UNREACHABLE_CODE = YES;
				CLANG_WARN__DUPLICATE_METHOD_MATCH = YES;
				COPY_PHASE_STRIP = NO;
				DEBUG_INFORMATION_FORMAT = dwarf;
				ENABLE_STRICT_OBJC_MSGSEND = YES;
				ENABLE_TESTABILITY = YES;
				GCC_C_LANGUAGE_STANDARD = gnu11;
				GCC_DYNAMIC_NO_PIC = NO;
				GCC_NO_COMMON_BLOCKS = YES;
				GCC_OPTIMIZATION_LEVEL = 0;
				GCC_PREPROCESSOR_DEFINITIONS = (
					"DEBUG=1",
					"$(inherited)",
				);
				GCC_WARN_64_TO_32_BIT_CONVERSION = YES;
				GCC_WARN_ABOUT_RETURN_TYPE = YES_ERROR;
				GCC_WARN_UNDECLARED_SELECTOR = YES;
				GCC_WARN_UNINITIALIZED_AUTOS = YES_AGGRESSIVE;
				GCC_WARN_UNUSED_FUNCTION = YES;
				GCC_WARN_UNUSED_VARIABLE = YES;
				IPHONEOS_DEPLOYMENT_TARGET = 16.2;
				MTL_ENABLE_DEBUG_INFO = INCLUDE_SOURCE;
				MTL_FAST_MATH = YES;
				ONLY_ACTIVE_ARCH = YES;
				SDKROOT = iphoneos;
				SWIFT_ACTIVE_COMPILATION_CONDITIONS = DEBUG;
				SWIFT_OPTIMIZATION_LEVEL = "-Onone";
			};
			name = Debug;
		};
		7F6F76D32975E68E00FF7871 /* Release */ = {
			isa = XCBuildConfiguration;
			buildSettings = {
				ALWAYS_SEARCH_USER_PATHS = NO;
				CLANG_ANALYZER_NONNULL = YES;
				CLANG_ANALYZER_NUMBER_OBJECT_CONVERSION = YES_AGGRESSIVE;
				CLANG_CXX_LANGUAGE_STANDARD = "gnu++20";
				CLANG_ENABLE_MODULES = YES;
				CLANG_ENABLE_OBJC_ARC = YES;
				CLANG_ENABLE_OBJC_WEAK = YES;
				CLANG_WARN_BLOCK_CAPTURE_AUTORELEASING = YES;
				CLANG_WARN_BOOL_CONVERSION = YES;
				CLANG_WARN_COMMA = YES;
				CLANG_WARN_CONSTANT_CONVERSION = YES;
				CLANG_WARN_DEPRECATED_OBJC_IMPLEMENTATIONS = YES;
				CLANG_WARN_DIRECT_OBJC_ISA_USAGE = YES_ERROR;
				CLANG_WARN_DOCUMENTATION_COMMENTS = YES;
				CLANG_WARN_EMPTY_BODY = YES;
				CLANG_WARN_ENUM_CONVERSION = YES;
				CLANG_WARN_INFINITE_RECURSION = YES;
				CLANG_WARN_INT_CONVERSION = YES;
				CLANG_WARN_NON_LITERAL_NULL_CONVERSION = YES;
				CLANG_WARN_OBJC_IMPLICIT_RETAIN_SELF = YES;
				CLANG_WARN_OBJC_LITERAL_CONVERSION = YES;
				CLANG_WARN_OBJC_ROOT_CLASS = YES_ERROR;
				CLANG_WARN_QUOTED_INCLUDE_IN_FRAMEWORK_HEADER = YES;
				CLANG_WARN_RANGE_LOOP_ANALYSIS = YES;
				CLANG_WARN_STRICT_PROTOTYPES = YES;
				CLANG_WARN_SUSPICIOUS_MOVE = YES;
				CLANG_WARN_UNGUARDED_AVAILABILITY = YES_AGGRESSIVE;
				CLANG_WARN_UNREACHABLE_CODE = YES;
				CLANG_WARN__DUPLICATE_METHOD_MATCH = YES;
				COPY_PHASE_STRIP = NO;
				DEBUG_INFORMATION_FORMAT = "dwarf-with-dsym";
				ENABLE_NS_ASSERTIONS = NO;
				ENABLE_STRICT_OBJC_MSGSEND = YES;
				GCC_C_LANGUAGE_STANDARD = gnu11;
				GCC_NO_COMMON_BLOCKS = YES;
				GCC_WARN_64_TO_32_BIT_CONVERSION = YES;
				GCC_WARN_ABOUT_RETURN_TYPE = YES_ERROR;
				GCC_WARN_UNDECLARED_SELECTOR = YES;
				GCC_WARN_UNINITIALIZED_AUTOS = YES_AGGRESSIVE;
				GCC_WARN_UNUSED_FUNCTION = YES;
				GCC_WARN_UNUSED_VARIABLE = YES;
				IPHONEOS_DEPLOYMENT_TARGET = 16.2;
				MTL_ENABLE_DEBUG_INFO = NO;
				MTL_FAST_MATH = YES;
				SDKROOT = iphoneos;
				SWIFT_COMPILATION_MODE = wholemodule;
				SWIFT_OPTIMIZATION_LEVEL = "-O";
				VALIDATE_PRODUCT = YES;
			};
			name = Release;
		};
		7F6F76D52975E68E00FF7871 /* Debug */ = {
			isa = XCBuildConfiguration;
			buildSettings = {
				ASSETCATALOG_COMPILER_APPICON_NAME = AppIcon;
				ASSETCATALOG_COMPILER_GLOBAL_ACCENT_COLOR_NAME = AccentColor;
				CODE_SIGN_STYLE = Automatic;
				CURRENT_PROJECT_VERSION = 1;
				DEVELOPMENT_ASSET_PATHS = "\"Preppi/Preview Content\"";
				DEVELOPMENT_TEAM = KKPC5PAXNJ;
				ENABLE_PREVIEWS = YES;
				GENERATE_INFOPLIST_FILE = YES;
				INFOPLIST_FILE = Preppi/Info.plist;
				INFOPLIST_KEY_UIApplicationSupportsIndirectInputEvents = YES;
				INFOPLIST_KEY_UILaunchScreen_Generation = YES;
				INFOPLIST_KEY_UISupportedInterfaceOrientations_iPad = "UIInterfaceOrientationPortrait UIInterfaceOrientationPortraitUpsideDown UIInterfaceOrientationLandscapeLeft UIInterfaceOrientationLandscapeRight";
				INFOPLIST_KEY_UISupportedInterfaceOrientations_iPhone = "UIInterfaceOrientationPortrait UIInterfaceOrientationLandscapeLeft UIInterfaceOrientationLandscapeRight";
				LD_RUNPATH_SEARCH_PATHS = (
					"$(inherited)",
					"@executable_path/Frameworks",
				);
				MARKETING_VERSION = 1.0;
				PRODUCT_BUNDLE_IDENTIFIER = velichko.stepan.making.a.unicorn.Preppi;
				PRODUCT_NAME = "$(TARGET_NAME)";
				SWIFT_EMIT_LOC_STRINGS = YES;
				SWIFT_VERSION = 5.0;
				TARGETED_DEVICE_FAMILY = "1,2";
			};
			name = Debug;
		};
		7F6F76D62975E68E00FF7871 /* Release */ = {
			isa = XCBuildConfiguration;
			buildSettings = {
				ASSETCATALOG_COMPILER_APPICON_NAME = AppIcon;
				ASSETCATALOG_COMPILER_GLOBAL_ACCENT_COLOR_NAME = AccentColor;
				CODE_SIGN_STYLE = Automatic;
				CURRENT_PROJECT_VERSION = 1;
				DEVELOPMENT_ASSET_PATHS = "\"Preppi/Preview Content\"";
				DEVELOPMENT_TEAM = KKPC5PAXNJ;
				ENABLE_PREVIEWS = YES;
				GENERATE_INFOPLIST_FILE = YES;
				INFOPLIST_FILE = Preppi/Info.plist;
				INFOPLIST_KEY_UIApplicationSupportsIndirectInputEvents = YES;
				INFOPLIST_KEY_UILaunchScreen_Generation = YES;
				INFOPLIST_KEY_UISupportedInterfaceOrientations_iPad = "UIInterfaceOrientationPortrait UIInterfaceOrientationPortraitUpsideDown UIInterfaceOrientationLandscapeLeft UIInterfaceOrientationLandscapeRight";
				INFOPLIST_KEY_UISupportedInterfaceOrientations_iPhone = "UIInterfaceOrientationPortrait UIInterfaceOrientationLandscapeLeft UIInterfaceOrientationLandscapeRight";
				LD_RUNPATH_SEARCH_PATHS = (
					"$(inherited)",
					"@executable_path/Frameworks",
				);
				MARKETING_VERSION = 1.0;
				PRODUCT_BUNDLE_IDENTIFIER = velichko.stepan.making.a.unicorn.Preppi;
				PRODUCT_NAME = "$(TARGET_NAME)";
				SWIFT_EMIT_LOC_STRINGS = YES;
				SWIFT_VERSION = 5.0;
				TARGETED_DEVICE_FAMILY = "1,2";
			};
			name = Release;
		};
/* End XCBuildConfiguration section */

/* Begin XCConfigurationList section */
		7F6F76C12975E68D00FF7871 /* Build configuration list for PBXProject "Preppi" */ = {
			isa = XCConfigurationList;
			buildConfigurations = (
				7F6F76D22975E68E00FF7871 /* Debug */,
				7F6F76D32975E68E00FF7871 /* Release */,
			);
			defaultConfigurationIsVisible = 0;
			defaultConfigurationName = Release;
		};
		7F6F76D42975E68E00FF7871 /* Build configuration list for PBXNativeTarget "Preppi" */ = {
			isa = XCConfigurationList;
			buildConfigurations = (
				7F6F76D52975E68E00FF7871 /* Debug */,
				7F6F76D62975E68E00FF7871 /* Release */,
			);
			defaultConfigurationIsVisible = 0;
			defaultConfigurationName = Release;
		};
/* End XCConfigurationList section */

/* Begin XCRemoteSwiftPackageReference section */
		7FA9FB1C29A40B9F0079059B /* XCRemoteSwiftPackageReference "ConfettiSwiftUI" */ = {
			isa = XCRemoteSwiftPackageReference;
			repositoryURL = "https://github.com/simibac/ConfettiSwiftUI.git";
			requirement = {
				kind = upToNextMajorVersion;
				minimumVersion = 1.0.1;
			};
		};
		7FB5E4C9297C472100A2482B /* XCRemoteSwiftPackageReference "firebase-ios-sdk" */ = {
			isa = XCRemoteSwiftPackageReference;
			repositoryURL = "https://github.com/firebase/firebase-ios-sdk";
			requirement = {
				branch = master;
				kind = branch;
			};
		};
/* End XCRemoteSwiftPackageReference section */

/* Begin XCSwiftPackageProductDependency section */
		7FA9FB1D29A40B9F0079059B /* ConfettiSwiftUI */ = {
			isa = XCSwiftPackageProductDependency;
			package = 7FA9FB1C29A40B9F0079059B /* XCRemoteSwiftPackageReference "ConfettiSwiftUI" */;
			productName = ConfettiSwiftUI;
		};
		7FB5E4CA297C472100A2482B /* FirebaseAuth */ = {
			isa = XCSwiftPackageProductDependency;
			package = 7FB5E4C9297C472100A2482B /* XCRemoteSwiftPackageReference "firebase-ios-sdk" */;
			productName = FirebaseAuth;
		};
		7FB5E4CC297C472100A2482B /* FirebaseFirestore */ = {
			isa = XCSwiftPackageProductDependency;
			package = 7FB5E4C9297C472100A2482B /* XCRemoteSwiftPackageReference "firebase-ios-sdk" */;
			productName = FirebaseFirestore;
		};
		7FB5E4CE297C472100A2482B /* FirebaseFirestoreSwift */ = {
			isa = XCSwiftPackageProductDependency;
			package = 7FB5E4C9297C472100A2482B /* XCRemoteSwiftPackageReference "firebase-ios-sdk" */;
			productName = FirebaseFirestoreSwift;
		};
		7FB5E4D0297C472100A2482B /* FirebaseStorage */ = {
			isa = XCSwiftPackageProductDependency;
			package = 7FB5E4C9297C472100A2482B /* XCRemoteSwiftPackageReference "firebase-ios-sdk" */;
			productName = FirebaseStorage;
		};
/* End XCSwiftPackageProductDependency section */
	};
	rootObject = 7F6F76BE2975E68D00FF7871 /* Project object */;
}
